
Microsoft Visual Studio Solution File, Format Version 12.00
# Visual Studio Version 16
VisualStudioVersion = 16.0.28606.126
MinimumVisualStudioVersion = 10.0.40219.1
Project("{FAE04EC0-301F-11D3-BF4B-00C04F79EFBC}") = "imagesharp-issue", "imagesharp-issue.csproj", "{3C82E70F-7DC9-44E0-8775-8E5EEA3D09C9}"
EndProject
Global
	GlobalSection(SolutionConfigurationPlatforms) = preSolution
		Debug|Any CPU = Debug|Any CPU
		Release|Any CPU = Release|Any CPU
	EndGlobalSection
	GlobalSection(ProjectConfigurationPlatforms) = postSolution
		{3C82E70F-7DC9-44E0-8775-8E5EEA3D09C9}.Debug|Any CPU.ActiveCfg = Debug|Any CPU
		{3C82E70F-7DC9-44E0-8775-8E5EEA3D09C9}.Debug|Any CPU.Build.0 = Debug|Any CPU
		{3C82E70F-7DC9-44E0-8775-8E5EEA3D09C9}.Release|Any CPU.ActiveCfg = Release|Any CPU
		{3C82E70F-7DC9-44E0-8775-8E5EEA3D09C9}.Release|Any CPU.Build.0 = Release|Any CPU
	EndGlobalSection
	GlobalSection(SolutionProperties) = preSolution
		HideSolutionNode = FALSE
	EndGlobalSection
	GlobalSection(ExtensibilityGlobals) = postSolution
		SolutionGuid = {124E670A-297A-4908-96EB-E0A91F31BF59}
	EndGlobalSection
EndGlobal
